{
    "name": "app-service-hello-world",
    "version": "0.0.1",
    "lockfileVersion": 1,
    "requires": true,
    "dependencies": {
        "abbrev": {
            "version": "https://registry.npmjs.org/abbrev/-/abbrev-1.1.0.tgz",
            "integrity": "sha1-0FVMIlZjbi9W58LlrRg/hZQo2B8="
        },
        "append-field": {
            "version": "https://registry.npmjs.org/append-field/-/append-field-0.1.0.tgz",
            "integrity": "sha1-bdxY+gg8e8VF08WZWygwzCNm1Eo="
        },
        "arguments-extended": {
            "version": "https://registry.npmjs.org/arguments-extended/-/arguments-extended-0.0.3.tgz",
            "integrity": "sha1-YQfkkX0OtvCk3WYyD8Fa/HLvSUY=",
            "requires": {
                "extended": "https://registry.npmjs.org/extended/-/extended-0.0.6.tgz",
                "is-extended": "https://registry.npmjs.org/is-extended/-/is-extended-0.0.10.tgz"
            }
        },
        "array-extended": {
            "version": "https://registry.npmjs.org/array-extended/-/array-extended-0.0.11.tgz",
            "integrity": "sha1-1xRK50jek8pybxIQCdv/FibRZL0=",
            "requires": {
                "arguments-extended": "https://registry.npmjs.org/arguments-extended/-/arguments-extended-0.0.3.tgz",
                "extended": "https://registry.npmjs.org/extended/-/extended-0.0.6.tgz",
                "is-extended": "https://registry.npmjs.org/is-extended/-/is-extended-0.0.10.tgz"
            }
        },
        "atpl": {
            "version": "https://registry.npmjs.org/atpl/-/atpl-0.9.3.tgz",
            "integrity": "sha1-Ymfzg7/3+KcF3WiNe3kM3vH2S4o="
        },
        "balanced-match": {
            "version": "https://registry.npmjs.org/balanced-match/-/balanced-match-1.0.0.tgz",
            "integrity": "sha1-ibTRmasr7kneFk6gK4nORi1xt2c="
        },
        "binary-search-bounds": {
            "version": "https://registry.npmjs.org/binary-search-bounds/-/binary-search-bounds-2.0.3.tgz",
            "integrity": "sha1-X/hhbW3SylOIvIWy1iZuK52lAtw="
        },
        "bluebird": {
            "version": "https://registry.npmjs.org/bluebird/-/bluebird-3.5.0.tgz",
            "integrity": "sha1-eRQg1/VR7qKJdFOop3ZT+WYG1nw="
        },
        "brace-expansion": {
            "version": "https://registry.npmjs.org/brace-expansion/-/brace-expansion-1.1.8.tgz",
            "integrity": "sha1-wHshHHyVLsH479Uad+8NHTmQopI=",
            "requires": {
                "balanced-match": "https://registry.npmjs.org/balanced-match/-/balanced-match-1.0.0.tgz",
                "concat-map": "https://registry.npmjs.org/concat-map/-/concat-map-0.0.1.tgz"
            }
        },
        "busboy": {
            "version": "https://registry.npmjs.org/busboy/-/busboy-0.2.14.tgz",
            "integrity": "sha1-bCpiLvz0fFe7vh4qnDetNseSVFM=",
            "requires": {
                "dicer": "https://registry.npmjs.org/dicer/-/dicer-0.2.5.tgz",
                "readable-stream": "https://registry.npmjs.org/readable-stream/-/readable-stream-1.1.14.tgz"
            }
        },
        "concat-map": {
            "version": "https://registry.npmjs.org/concat-map/-/concat-map-0.0.1.tgz",
            "integrity": "sha1-2Klr13/Wjfd5OnMDajug1UBdR3s="
        },
        "concat-stream": {
            "version": "https://registry.npmjs.org/concat-stream/-/concat-stream-1.6.0.tgz",
            "integrity": "sha1-CqxmL9Ur54lk1VMvaUeE5wEQrPc=",
            "requires": {
                "inherits": "https://registry.npmjs.org/inherits/-/inherits-2.0.3.tgz",
                "readable-stream": "https://registry.npmjs.org/readable-stream/-/readable-stream-2.3.3.tgz",
                "typedarray": "https://registry.npmjs.org/typedarray/-/typedarray-0.0.6.tgz"
            },
            "dependencies": {
                "isarray": {
                    "version": "https://registry.npmjs.org/isarray/-/isarray-1.0.0.tgz",
                    "integrity": "sha1-u5NdSFgsuhaMBoNJV6VKPgcSTxE="
                },
                "readable-stream": {
                    "version": "https://registry.npmjs.org/readable-stream/-/readable-stream-2.3.3.tgz",
                    "integrity": "sha1-No8lEtefnUb9/HE0mueHi7weuVw=",
                    "requires": {
                        "core-util-is": "https://registry.npmjs.org/core-util-is/-/core-util-is-1.0.2.tgz",
                        "inherits": "https://registry.npmjs.org/inherits/-/inherits-2.0.3.tgz",
                        "isarray": "https://registry.npmjs.org/isarray/-/isarray-1.0.0.tgz",
                        "process-nextick-args": "https://registry.npmjs.org/process-nextick-args/-/process-nextick-args-1.0.7.tgz",
                        "safe-buffer": "https://registry.npmjs.org/safe-buffer/-/safe-buffer-5.1.1.tgz",
                        "string_decoder": "https://registry.npmjs.org/string_decoder/-/string_decoder-1.0.3.tgz",
                        "util-deprecate": "https://registry.npmjs.org/util-deprecate/-/util-deprecate-1.0.2.tgz"
                    }
                },
                "string_decoder": {
                    "version": "https://registry.npmjs.org/string_decoder/-/string_decoder-1.0.3.tgz",
                    "integrity": "sha1-D8Z9fBQYJd6UKC3VNr7GubzoYKs=",
                    "requires": {
                        "safe-buffer": "https://registry.npmjs.org/safe-buffer/-/safe-buffer-5.1.1.tgz"
                    }
                }
            }
        },
        "core-util-is": {
            "version": "https://registry.npmjs.org/core-util-is/-/core-util-is-1.0.2.tgz",
            "integrity": "sha1-tf1UIgqivFq1eqtxQMlAdUUDwac="
        },
        "csv-parse": {
            "version": "2.0.0",
            "resolved": "https://registry.npmjs.org/csv-parse/-/csv-parse-2.0.0.tgz",
            "integrity": "sha1-TqIslzIzmH8HaIxgGi1GAjT/VtE="
        },
        "date-extended": {
            "version": "https://registry.npmjs.org/date-extended/-/date-extended-0.0.6.tgz",
            "integrity": "sha1-I4AtV90b94GIE/4MMuhRqG2iZ8k=",
            "requires": {
                "array-extended": "https://registry.npmjs.org/array-extended/-/array-extended-0.0.11.tgz",
                "extended": "https://registry.npmjs.org/extended/-/extended-0.0.6.tgz",
                "is-extended": "https://registry.npmjs.org/is-extended/-/is-extended-0.0.10.tgz"
            }
        },
        "declare.js": {
            "version": "https://registry.npmjs.org/declare.js/-/declare.js-0.0.8.tgz",
            "integrity": "sha1-BHit/5VkwAT1Hfc9i8E0AZ0o3N4="
        },
        "dicer": {
            "version": "https://registry.npmjs.org/dicer/-/dicer-0.2.5.tgz",
            "integrity": "sha1-WZbAhrszIYyBLAkL3cCc0S+stw8=",
            "requires": {
                "readable-stream": "https://registry.npmjs.org/readable-stream/-/readable-stream-1.1.14.tgz",
                "streamsearch": "https://registry.npmjs.org/streamsearch/-/streamsearch-0.1.2.tgz"
            }
        },
        "documentdb": {
            "version": "https://registry.npmjs.org/documentdb/-/documentdb-1.12.0.tgz",
            "integrity": "sha1-MyWgSd3ykNfjP0BaMq6CzNeX3Fo=",
            "requires": {
                "binary-search-bounds": "https://registry.npmjs.org/binary-search-bounds/-/binary-search-bounds-2.0.3.tgz",
                "priorityqueuejs": "https://registry.npmjs.org/priorityqueuejs/-/priorityqueuejs-1.0.0.tgz",
                "semaphore": "https://registry.npmjs.org/semaphore/-/semaphore-1.0.5.tgz",
                "underscore": "https://registry.npmjs.org/underscore/-/underscore-1.8.3.tgz"
            }
        },
        "ee-first": {
            "version": "https://registry.npmjs.org/ee-first/-/ee-first-1.1.1.tgz",
            "integrity": "sha1-WQxhFWsK4vTwJVcyoViyZrxWsh0="
        },
        "err-code": {
            "version": "https://registry.npmjs.org/err-code/-/err-code-1.1.2.tgz",
            "integrity": "sha1-BuARbTAo9q70gGhJ6w6mp0iuaWA="
        },
        "extend": {
            "version": "https://registry.npmjs.org/extend/-/extend-3.0.1.tgz",
            "integrity": "sha1-p1Xqe8Gt/MWjHOfnYtuq3F5jZEQ="
        },
        "extended": {
            "version": "https://registry.npmjs.org/extended/-/extended-0.0.6.tgz",
            "integrity": "sha1-f7i/e52uOXWG5IVwrP1kLHjlBmk=",
            "requires": {
                "extender": "https://registry.npmjs.org/extender/-/extender-0.0.10.tgz"
            }
        },
        "extender": {
            "version": "https://registry.npmjs.org/extender/-/extender-0.0.10.tgz",
            "integrity": "sha1-WJwHSCvmGhRgttgfnCSqZ+jzJM0=",
            "requires": {
                "declare.js": "https://registry.npmjs.org/declare.js/-/declare.js-0.0.8.tgz"
            }
        },
        "fast-csv": {
            "version": "https://registry.npmjs.org/fast-csv/-/fast-csv-2.4.0.tgz",
            "integrity": "sha1-9ukxhbbSkOWAiUiGnD/Qn2T7yEI=",
            "requires": {
                "extended": "https://registry.npmjs.org/extended/-/extended-0.0.6.tgz",
                "is-extended": "https://registry.npmjs.org/is-extended/-/is-extended-0.0.10.tgz",
                "object-extended": "https://registry.npmjs.org/object-extended/-/object-extended-0.0.7.tgz",
                "string-extended": "https://registry.npmjs.org/string-extended/-/string-extended-0.0.8.tgz"
            }
        },
        "file-js": {
            "version": "https://registry.npmjs.org/file-js/-/file-js-0.3.0.tgz",
            "integrity": "sha1-+rRr94I0bJKUSZ8fDSrQfYOPJdE=",
            "requires": {
                "bluebird": "https://registry.npmjs.org/bluebird/-/bluebird-3.5.0.tgz",
                "minimatch": "https://registry.npmjs.org/minimatch/-/minimatch-3.0.4.tgz",
                "proper-lockfile": "https://registry.npmjs.org/proper-lockfile/-/proper-lockfile-1.2.0.tgz"
            }
        },
        "filehound": {
            "version": "https://registry.npmjs.org/filehound/-/filehound-1.16.1.tgz",
            "integrity": "sha1-Fd1cD5yQ3DuKK5r3WPv9Tg1xBpY=",
            "requires": {
                "bluebird": "https://registry.npmjs.org/bluebird/-/bluebird-3.5.0.tgz",
                "file-js": "https://registry.npmjs.org/file-js/-/file-js-0.3.0.tgz",
                "lodash": "4.17.4",
                "minimatch": "https://registry.npmjs.org/minimatch/-/minimatch-3.0.4.tgz",
                "moment": "https://registry.npmjs.org/moment/-/moment-2.18.1.tgz",
                "unit-compare": "https://registry.npmjs.org/unit-compare/-/unit-compare-1.0.1.tgz"
            }
        },
        "graceful-fs": {
            "version": "https://registry.npmjs.org/graceful-fs/-/graceful-fs-4.1.11.tgz",
            "integrity": "sha1-Dovf5NHduIVNZOBOp8AOKgJuVlg="
        },
        "hogan": {
            "version": "https://registry.npmjs.org/hogan/-/hogan-1.0.2.tgz",
            "integrity": "sha1-2NXlf64Od4ez4B4UJW+dWIoj0fA=",
            "requires": {
                "hogan.js": "https://registry.npmjs.org/hogan.js/-/hogan.js-3.0.2.tgz"
            }
        },
        "hogan.js": {
            "version": "https://registry.npmjs.org/hogan.js/-/hogan.js-3.0.2.tgz",
            "integrity": "sha1-TNnhq9QpQUbnZ55B14mHMrAse/0=",
            "requires": {
                "mkdirp": "https://registry.npmjs.org/mkdirp/-/mkdirp-0.3.0.tgz",
                "nopt": "https://registry.npmjs.org/nopt/-/nopt-1.0.10.tgz"
            }
        },
        "inherits": {
            "version": "https://registry.npmjs.org/inherits/-/inherits-2.0.3.tgz",
            "integrity": "sha1-Yzwsg+PaQqUC9SRmAiSA9CCCYd4="
        },
        "is-extended": {
            "version": "https://registry.npmjs.org/is-extended/-/is-extended-0.0.10.tgz",
            "integrity": "sha1-JE4UDfdbscmjEG9BL/GC+1NKbWI=",
            "requires": {
                "extended": "https://registry.npmjs.org/extended/-/extended-0.0.6.tgz"
            }
        },
        "isarray": {
            "version": "https://registry.npmjs.org/isarray/-/isarray-0.0.1.tgz",
            "integrity": "sha1-ihis/Kmo9Bd+Cav8YDiTmwXR7t8="
        },
        "lodash": {
            "version": "4.17.4",
            "resolved": "https://registry.npmjs.org/lodash/-/lodash-4.17.4.tgz",
            "integrity": "sha1-eCA6TRwyiuHYbcpkYONptX9AVa4="
        },
        "media-typer": {
            "version": "https://registry.npmjs.org/media-typer/-/media-typer-0.3.0.tgz",
            "integrity": "sha1-hxDXrwqmJvj/+hzgAWhUUmMlV0g="
        },
        "mime-db": {
            "version": "https://registry.npmjs.org/mime-db/-/mime-db-1.27.0.tgz",
            "integrity": "sha1-gg9XIpa70g7CXtVeW13oaeVDbrE="
        },
        "mime-types": {
            "version": "https://registry.npmjs.org/mime-types/-/mime-types-2.1.15.tgz",
            "integrity": "sha1-pOv1BkCUVpI3uM9wBGd20J/JKu0=",
            "requires": {
                "mime-db": "https://registry.npmjs.org/mime-db/-/mime-db-1.27.0.tgz"
            }
        },
        "minimatch": {
            "version": "https://registry.npmjs.org/minimatch/-/minimatch-3.0.4.tgz",
            "integrity": "sha1-UWbihkV/AzBgZL5Ul+jbsMPTIIM=",
            "requires": {
                "brace-expansion": "https://registry.npmjs.org/brace-expansion/-/brace-expansion-1.1.8.tgz"
            }
        },
        "minimist": {
            "version": "https://registry.npmjs.org/minimist/-/minimist-0.0.8.tgz",
            "integrity": "sha1-hX/Kv8M5fSYluCKCYuhqp6ARsF0="
        },
        "mkdirp": {
            "version": "https://registry.npmjs.org/mkdirp/-/mkdirp-0.3.0.tgz",
            "integrity": "sha1-G79asbqCevI1dRQ0kEJkVfSB/h4="
        },
        "moment": {
            "version": "https://registry.npmjs.org/moment/-/moment-2.18.1.tgz",
            "integrity": "sha1-w2GT3Tzhwu7SrbfIAtu8d6gbHA8="
        },
        "multer": {
            "version": "https://registry.npmjs.org/multer/-/multer-1.3.0.tgz",
            "integrity": "sha1-CSsmcPaEb6SRSWXvyM+Uwg/sbNI=",
            "requires": {
                "append-field": "https://registry.npmjs.org/append-field/-/append-field-0.1.0.tgz",
                "busboy": "https://registry.npmjs.org/busboy/-/busboy-0.2.14.tgz",
                "concat-stream": "https://registry.npmjs.org/concat-stream/-/concat-stream-1.6.0.tgz",
                "mkdirp": "https://registry.npmjs.org/mkdirp/-/mkdirp-0.5.1.tgz",
                "object-assign": "https://registry.npmjs.org/object-assign/-/object-assign-3.0.0.tgz",
                "on-finished": "https://registry.npmjs.org/on-finished/-/on-finished-2.3.0.tgz",
                "type-is": "https://registry.npmjs.org/type-is/-/type-is-1.6.15.tgz",
                "xtend": "https://registry.npmjs.org/xtend/-/xtend-4.0.1.tgz"
            },
            "dependencies": {
                "mkdirp": {
                    "version": "https://registry.npmjs.org/mkdirp/-/mkdirp-0.5.1.tgz",
                    "integrity": "sha1-MAV0OOrGz3+MR2fzhkjWaX11yQM=",
                    "requires": {
                        "minimist": "https://registry.npmjs.org/minimist/-/minimist-0.0.8.tgz"
                    }
                }
            }
        },
        "nopt": {
            "version": "https://registry.npmjs.org/nopt/-/nopt-1.0.10.tgz",
            "integrity": "sha1-bd0hvSoxQXuScn3Vhfim83YI6+4=",
            "requires": {
                "abbrev": "https://registry.npmjs.org/abbrev/-/abbrev-1.1.0.tgz"
            }
        },
        "object-assign": {
            "version": "https://registry.npmjs.org/object-assign/-/object-assign-3.0.0.tgz",
            "integrity": "sha1-m+3VygiXlJvKR+f/QIBi1Un1h/I="
        },
        "object-extended": {
            "version": "https://registry.npmjs.org/object-extended/-/object-extended-0.0.7.tgz",
            "integrity": "sha1-hP0j9WsVWCrrPoiwXLVdJDLWijM=",
            "requires": {
                "array-extended": "https://registry.npmjs.org/array-extended/-/array-extended-0.0.11.tgz",
                "extended": "https://registry.npmjs.org/extended/-/extended-0.0.6.tgz",
                "is-extended": "https://registry.npmjs.org/is-extended/-/is-extended-0.0.10.tgz"
            }
        },
        "on-finished": {
            "version": "https://registry.npmjs.org/on-finished/-/on-finished-2.3.0.tgz",
            "integrity": "sha1-IPEzZIGwg811M3mSoWlxqi2QaUc=",
            "requires": {
                "ee-first": "https://registry.npmjs.org/ee-first/-/ee-first-1.1.1.tgz"
            }
        },
        "priorityqueuejs": {
            "version": "https://registry.npmjs.org/priorityqueuejs/-/priorityqueuejs-1.0.0.tgz",
            "integrity": "sha1-LuTyPCVgkT4IwHzlzN1t498sWvg="
        },
        "process-nextick-args": {
            "version": "https://registry.npmjs.org/process-nextick-args/-/process-nextick-args-1.0.7.tgz",
            "integrity": "sha1-FQ4gt1ZZCtP5EJPyWk8q2L/zC6M="
        },
        "proper-lockfile": {
            "version": "https://registry.npmjs.org/proper-lockfile/-/proper-lockfile-1.2.0.tgz",
            "integrity": "sha1-zv9d2J0+XxD7deHo52vHWAGlnDQ=",
            "requires": {
                "err-code": "https://registry.npmjs.org/err-code/-/err-code-1.1.2.tgz",
                "extend": "https://registry.npmjs.org/extend/-/extend-3.0.1.tgz",
                "graceful-fs": "https://registry.npmjs.org/graceful-fs/-/graceful-fs-4.1.11.tgz",
                "retry": "https://registry.npmjs.org/retry/-/retry-0.10.1.tgz"
            }
        },
        "readable-stream": {
            "version": "https://registry.npmjs.org/readable-stream/-/readable-stream-1.1.14.tgz",
            "integrity": "sha1-fPTFTvZI44EwhMY23SB54WbAgdk=",
            "requires": {
                "core-util-is": "https://registry.npmjs.org/core-util-is/-/core-util-is-1.0.2.tgz",
                "inherits": "https://registry.npmjs.org/inherits/-/inherits-2.0.3.tgz",
                "isarray": "https://registry.npmjs.org/isarray/-/isarray-0.0.1.tgz",
                "string_decoder": "https://registry.npmjs.org/string_decoder/-/string_decoder-0.10.31.tgz"
            }
        },
        "retry": {
            "version": "https://registry.npmjs.org/retry/-/retry-0.10.1.tgz",
            "integrity": "sha1-52OI0heZLCUnUCQdPTlW/tmNj/Q="
        },
        "safe-buffer": {
            "version": "https://registry.npmjs.org/safe-buffer/-/safe-buffer-5.1.1.tgz",
            "integrity": "sha1-iTMSr2myEj3vcfV4iQAWce6yyFM="
        },
        "semaphore": {
            "version": "https://registry.npmjs.org/semaphore/-/semaphore-1.0.5.tgz",
            "integrity": "sha1-tJJXbmavGT25XWXiXsU/Xxl5jWA="
        },
        "streamsearch": {
            "version": "https://registry.npmjs.org/streamsearch/-/streamsearch-0.1.2.tgz",
            "integrity": "sha1-gIudDlb8Jz2Am6VzOOkpkZoanxo="
        },
        "string-extended": {
            "version": "https://registry.npmjs.org/string-extended/-/string-extended-0.0.8.tgz",
            "integrity": "sha1-dBlX3/SHsCcqee7FpE8jnubxfM0=",
            "requires": {
                "array-extended": "https://registry.npmjs.org/array-extended/-/array-extended-0.0.11.tgz",
                "date-extended": "https://registry.npmjs.org/date-extended/-/date-extended-0.0.6.tgz",
                "extended": "https://registry.npmjs.org/extended/-/extended-0.0.6.tgz",
                "is-extended": "https://registry.npmjs.org/is-extended/-/is-extended-0.0.10.tgz"
            }
        },
        "string_decoder": {
            "version": "https://registry.npmjs.org/string_decoder/-/string_decoder-0.10.31.tgz",
            "integrity": "sha1-YuIDvEF2bGwoyfyEMB2rHFMQ+pQ="
        },
        "type-is": {
            "version": "https://registry.npmjs.org/type-is/-/type-is-1.6.15.tgz",
            "integrity": "sha1-yrEPtJCeRByChC6v4a1kbIGARBA=",
            "requires": {
                "media-typer": "https://registry.npmjs.org/media-typer/-/media-typer-0.3.0.tgz",
                "mime-types": "https://registry.npmjs.org/mime-types/-/mime-types-2.1.15.tgz"
            }
        },
        "typedarray": {
            "version": "https://registry.npmjs.org/typedarray/-/typedarray-0.0.6.tgz",
            "integrity": "sha1-hnrHTjhkGHsdPUfZlqeOxciDB3c="
        },
        "underscore": {
            "version": "https://registry.npmjs.org/underscore/-/underscore-1.8.3.tgz",
            "integrity": "sha1-Tz+1OxBuYJf8+ctBCfKl6b36UCI="
        },
        "unit-compare": {
            "version": "https://registry.npmjs.org/unit-compare/-/unit-compare-1.0.1.tgz",
            "integrity": "sha1-DHRZ8OW/U2N+qHPKPO4Y3i7so4Y=",
            "requires": {
                "moment": "https://registry.npmjs.org/moment/-/moment-2.18.1.tgz"
            }
        },
        "util-deprecate": {
            "version": "https://registry.npmjs.org/util-deprecate/-/util-deprecate-1.0.2.tgz",
            "integrity": "sha1-RQ1Nyfpw3nMnYvvS1KKJgUGaDM8="
        },
        "xtend": {
            "version": "https://registry.npmjs.org/xtend/-/xtend-4.0.1.tgz",
            "integrity": "sha1-pcbVMr5lbiPbgg77lDofBJmNY68="
        }
    }
}
